// !$*UTF8*$!
{
	archiveVersion = 1;
	classes = {
	};
	objectVersion = 50;
	objects = {

/* Begin PBXBuildFile section */
		F37347312198C02600E4F6BB /* AppDelegate.swift in Sources */ = {isa = PBXBuildFile; fileRef = F37347302198C02600E4F6BB /* AppDelegate.swift */; };
		F37347332198C02600E4F6BB /* ViewController.swift in Sources */ = {isa = PBXBuildFile; fileRef = F37347322198C02600E4F6BB /* ViewController.swift */; };
		F37347352198C02800E4F6BB /* Assets.xcassets in Resources */ = {isa = PBXBuildFile; fileRef = F37347342198C02800E4F6BB /* Assets.xcassets */; };
		F37347382198C02800E4F6BB /* Main.storyboard in Resources */ = {isa = PBXBuildFile; fileRef = F37347362198C02800E4F6BB /* Main.storyboard */; };
		F3849B2D21A995DB003122CF /* CommonFunctions.swift in Sources */ = {isa = PBXBuildFile; fileRef = F3849B2C21A995DB003122CF /* CommonFunctions.swift */; };
		F3849B3221A9B267003122CF /* SHA1.swift in Sources */ = {isa = PBXBuildFile; fileRef = F3849B3121A9B267003122CF /* SHA1.swift */; };
		F3849B3421A9C3A8003122CF /* DSAViewController.swift in Sources */ = {isa = PBXBuildFile; fileRef = F3849B3321A9C3A8003122CF /* DSAViewController.swift */; };
/* End PBXBuildFile section */

/* Begin PBXFileReference section */
		F373472D2198C02600E4F6BB /* Digital_Signature.app */ = {isa = PBXFileReference; explicitFileType = wrapper.application; includeInIndex = 0; path = Digital_Signature.app; sourceTree = BUILT_PRODUCTS_DIR; };
		F37347302198C02600E4F6BB /* AppDelegate.swift */ = {isa = PBXFileReference; lastKnownFileType = sourcecode.swift; path = AppDelegate.swift; sourceTree = "<group>"; };
		F37347322198C02600E4F6BB /* ViewController.swift */ = {isa = PBXFileReference; lastKnownFileType = sourcecode.swift; path = ViewController.swift; sourceTree = "<group>"; };
		F37347342198C02800E4F6BB /* Assets.xcassets */ = {isa = PBXFileReference; lastKnownFileType = folder.assetcatalog; path = Assets.xcassets; sourceTree = "<group>"; };
		F37347372198C02800E4F6BB /* Base */ = {isa = PBXFileReference; lastKnownFileType = file.storyboard; name = Base; path = Base.lproj/Main.storyboard; sourceTree = "<group>"; };
		F37347392198C02800E4F6BB /* Info.plist */ = {isa = PBXFileReference; lastKnownFileType = text.plist.xml; path = Info.plist; sourceTree = "<group>"; };
		F373473A2198C02800E4F6BB /* Digital_Signature.entitlements */ = {isa = PBXFileReference; lastKnownFileType = text.plist.entitlements; path = Digital_Signature.entitlements; sourceTree = "<group>"; };
		F3849B2C21A995DB003122CF /* CommonFunctions.swift */ = {isa = PBXFileReference; lastKnownFileType = sourcecode.swift; path = CommonFunctions.swift; sourceTree = "<group>"; };
		F3849B3121A9B267003122CF /* SHA1.swift */ = {isa = PBXFileReference; fileEncoding = 4; lastKnownFileType = sourcecode.swift; path = SHA1.swift; sourceTree = "<group>"; };
		F3849B3321A9C3A8003122CF /* DSAViewController.swift */ = {isa = PBXFileReference; lastKnownFileType = sourcecode.swift; path = DSAViewController.swift; sourceTree = "<group>"; };
/* End PBXFileReference section */

/* Begin PBXFrameworksBuildPhase section */
		F373472A2198C02600E4F6BB /* Frameworks */ = {
			isa = PBXFrameworksBuildPhase;
			buildActionMask = 2147483647;
			files = (
			);
			runOnlyForDeploymentPostprocessing = 0;
		};
/* End PBXFrameworksBuildPhase section */

/* Begin PBXGroup section */
		F37347242198C02600E4F6BB = {
			isa = PBXGroup;
			children = (
				F373472F2198C02600E4F6BB /* Digital_Signature */,
				F373472E2198C02600E4F6BB /* Products */,
			);
			sourceTree = "<group>";
		};
		F373472E2198C02600E4F6BB /* Products */ = {
			isa = PBXGroup;
			children = (
				F373472D2198C02600E4F6BB /* Digital_Signature.app */,
			);
			name = Products;
			sourceTree = "<group>";
		};
		F373472F2198C02600E4F6BB /* Digital_Signature */ = {
			isa = PBXGroup;
			children = (
				F37347302198C02600E4F6BB /* AppDelegate.swift */,
				F37347342198C02800E4F6BB /* Assets.xcassets */,
				F37347362198C02800E4F6BB /* Main.storyboard */,
				F3849B3521A9C3AD003122CF /* View Controllers */,
				F3849B2E21A995DF003122CF /* Algorithms */,
				F37347392198C02800E4F6BB /* Info.plist */,
				F373473A2198C02800E4F6BB /* Digital_Signature.entitlements */,
			);
			path = Digital_Signature;
			sourceTree = "<group>";
		};
		F3849B2E21A995DF003122CF /* Algorithms */ = {
			isa = PBXGroup;
			children = (
				F3849B3121A9B267003122CF /* SHA1.swift */,
				F3849B2C21A995DB003122CF /* CommonFunctions.swift */,
			);
			path = Algorithms;
			sourceTree = "<group>";
		};
		F3849B3521A9C3AD003122CF /* View Controllers */ = {
			isa = PBXGroup;
			children = (
				F37347322198C02600E4F6BB /* ViewController.swift */,
				F3849B3321A9C3A8003122CF /* DSAViewController.swift */,
			);
			path = "View Controllers";
			sourceTree = "<group>";
		};
/* End PBXGroup section */

/* Begin PBXNativeTarget section */
		F373472C2198C02600E4F6BB /* Digital_Signature */ = {
			isa = PBXNativeTarget;
			buildConfigurationList = F373473D2198C02800E4F6BB /* Build configuration list for PBXNativeTarget "Digital_Signature" */;
			buildPhases = (
				F37347292198C02600E4F6BB /* Sources */,
				F373472A2198C02600E4F6BB /* Frameworks */,
				F373472B2198C02600E4F6BB /* Resources */,
			);
			buildRules = (
			);
			dependencies = (
			);
			name = Digital_Signature;
			productName = Digital_Signature;
			productReference = F373472D2198C02600E4F6BB /* Digital_Signature.app */;
			productType = "com.apple.product-type.application";
		};
/* End PBXNativeTarget section */

/* Begin PBXProject section */
		F37347252198C02600E4F6BB /* Project object */ = {
			isa = PBXProject;
			attributes = {
				LastSwiftUpdateCheck = 1010;
				LastUpgradeCheck = 1010;
				ORGANIZATIONNAME = "Kiryl Holubeu";
				TargetAttributes = {
					F373472C2198C02600E4F6BB = {
						CreatedOnToolsVersion = 10.1;
					};
				};
			};
			buildConfigurationList = F37347282198C02600E4F6BB /* Build configuration list for PBXProject "Digital_Signature" */;
			compatibilityVersion = "Xcode 9.3";
			developmentRegion = en;
			hasScannedForEncodings = 0;
			knownRegions = (
				en,
				Base,
			);
			mainGroup = F37347242198C02600E4F6BB;
			productRefGroup = F373472E2198C02600E4F6BB /* Products */;
			projectDirPath = "";
			projectRoot = "";
			targets = (
				F373472C2198C02600E4F6BB /* Digital_Signature */,
			);
		};
/* End PBXProject section */

/* Begin PBXResourcesBuildPhase section */
		F373472B2198C02600E4F6BB /* Resources */ = {
			isa = PBXResourcesBuildPhase;
			buildActionMask = 2147483647;
			files = (
				F37347352198C02800E4F6BB /* Assets.xcassets in Resources */,
				F37347382198C02800E4F6BB /* Main.storyboard in Resources */,
			);
			runOnlyForDeploymentPostprocessing = 0;
		};
/* End PBXResourcesBuildPhase section */

/* Begin PBXSourcesBuildPhase section */
		F37347292198C02600E4F6BB /* Sources */ = {
			isa = PBXSourcesBuildPhase;
			buildActionMask = 2147483647;
			files = (
				F3849B2D21A995DB003122CF /* CommonFunctions.swift in Sources */,
				F37347332198C02600E4F6BB /* ViewController.swift in Sources */,
				F3849B3421A9C3A8003122CF /* DSAViewController.swift in Sources */,
				F3849B3221A9B267003122CF /* SHA1.swift in Sources */,
				F37347312198C02600E4F6BB /* AppDelegate.swift in Sources */,
			);
			runOnlyForDeploymentPostprocessing = 0;
		};
/* End PBXSourcesBuildPhase section */

/* Begin PBXVariantGroup section */
		F37347362198C02800E4F6BB /* Main.storyboard */ = {
			isa = PBXVariantGroup;
			children = (
				F37347372198C02800E4F6BB /* Base */,
			);
			name = Main.storyboard;
			sourceTree = "<group>";
		};
/* End PBXVariantGroup section */

/* Begin XCBuildConfiguration section */
		F373473B2198C02800E4F6BB /* Debug */ = {
			isa = XCBuildConfiguration;
			buildSettings = {
				ALWAYS_SEARCH_USER_PATHS = NO;
				CLANG_ANALYZER_NONNULL = YES;
				CLANG_ANALYZER_NUMBER_OBJECT_CONVERSION = YES_AGGRESSIVE;
				CLANG_CXX_LANGUAGE_STANDARD = "gnu++14";
				CLANG_CXX_LIBRARY = "libc++";
				CLANG_ENABLE_MODULES = YES;
				CLANG_ENABLE_OBJC_ARC = YES;
				CLANG_ENABLE_OBJC_WEAK = YES;
				CLANG_WARN_BLOCK_CAPTURE_AUTORELEASING = YES;
				CLANG_WARN_BOOL_CONVERSION = YES;
				CLANG_WARN_COMMA = YES;
				CLANG_WARN_CONSTANT_CONVERSION = YES;
				CLANG_WARN_DEPRECATED_OBJC_IMPLEMENTATIONS = YES;
				CLANG_WARN_DIRECT_OBJC_ISA_USAGE = YES_ERROR;
				CLANG_WARN_DOCUMENTATION_COMMENTS = YES;
				CLANG_WARN_EMPTY_BODY = YES;
				CLANG_WARN_ENUM_CONVERSION = YES;
				CLANG_WARN_INFINITE_RECURSION = YES;
				CLANG_WARN_INT_CONVERSION = YES;
				CLANG_WARN_NON_LITERAL_NULL_CONVERSION = YES;
				CLANG_WARN_OBJC_IMPLICIT_RETAIN_SELF = YES;
				CLANG_WARN_OBJC_LITERAL_CONVERSION = YES;
				CLANG_WARN_OBJC_ROOT_CLASS = YES_ERROR;
				CLANG_WARN_RANGE_LOOP_ANALYSIS = YES;
				CLANG_WARN_STRICT_PROTOTYPES = YES;
				CLANG_WARN_SUSPICIOUS_MOVE = YES;
				CLANG_WARN_UNGUARDED_AVAILABILITY = YES_AGGRESSIVE;
				CLANG_WARN_UNREACHABLE_CODE = YES;
				CLANG_WARN__DUPLICATE_METHOD_MATCH = YES;
				CODE_SIGN_IDENTITY = "Mac Developer";
				COPY_PHASE_STRIP = NO;
				DEBUG_INFORMATION_FORMAT = dwarf;
				ENABLE_STRICT_OBJC_MSGSEND = YES;
				ENABLE_TESTABILITY = YES;
				GCC_C_LANGUAGE_STANDARD = gnu11;
				GCC_DYNAMIC_NO_PIC = NO;
				GCC_NO_COMMON_BLOCKS = YES;
				GCC_OPTIMIZATION_LEVEL = 0;
				GCC_PREPROCESSOR_DEFINITIONS = (
					"DEBUG=1",
					"$(inherited)",
				);
				GCC_WARN_64_TO_32_BIT_CONVERSION = YES;
				GCC_WARN_ABOUT_RETURN_TYPE = YES_ERROR;
				GCC_WARN_UNDECLARED_SELECTOR = YES;
				GCC_WARN_UNINITIALIZED_AUTOS = YES_AGGRESSIVE;
				GCC_WARN_UNUSED_FUNCTION = YES;
				GCC_WARN_UNUSED_VARIABLE = YES;
				MACOSX_DEPLOYMENT_TARGET = 10.14;
				MTL_ENABLE_DEBUG_INFO = INCLUDE_SOURCE;
				MTL_FAST_MATH = YES;
				ONLY_ACTIVE_ARCH = YES;
				SDKROOT = macosx;
				SWIFT_ACTIVE_COMPILATION_CONDITIONS = DEBUG;
				SWIFT_OPTIMIZATION_LEVEL = "-Onone";
			};
			name = Debug;
		};
		F373473C2198C02800E4F6BB /* Release */ = {
			isa = XCBuildConfiguration;
			buildSettings = {
				ALWAYS_SEARCH_USER_PATHS = NO;
				CLANG_ANALYZER_NONNULL = YES;
				CLANG_ANALYZER_NUMBER_OBJECT_CONVERSION = YES_AGGRESSIVE;
				CLANG_CXX_LANGUAGE_STANDARD = "gnu++14";
				CLANG_CXX_LIBRARY = "libc++";
				CLANG_ENABLE_MODULES = YES;
				CLANG_ENABLE_OBJC_ARC = YES;
				CLANG_ENABLE_OBJC_WEAK = YES;
				CLANG_WARN_BLOCK_CAPTURE_AUTORELEASING = YES;
				CLANG_WARN_BOOL_CONVERSION = YES;
				CLANG_WARN_COMMA = YES;
				CLANG_WARN_CONSTANT_CONVERSION = YES;
				CLANG_WARN_DEPRECATED_OBJC_IMPLEMENTATIONS = YES;
				CLANG_WARN_DIRECT_OBJC_ISA_USAGE = YES_ERROR;
				CLANG_WARN_DOCUMENTATION_COMMENTS = YES;
				CLANG_WARN_EMPTY_BODY = YES;
				CLANG_WARN_ENUM_CONVERSION = YES;
				CLANG_WARN_INFINITE_RECURSION = YES;
				CLANG_WARN_INT_CONVERSION = YES;
				CLANG_WARN_NON_LITERAL_NULL_CONVERSION = YES;
				CLANG_WARN_OBJC_IMPLICIT_RETAIN_SELF = YES;
				CLANG_WARN_OBJC_LITERAL_CONVERSION = YES;
				CLANG_WARN_OBJC_ROOT_CLASS = YES_ERROR;
				CLANG_WARN_RANGE_LOOP_ANALYSIS = YES;
				CLANG_WARN_STRICT_PROTOTYPES = YES;
				CLANG_WARN_SUSPICIOUS_MOVE = YES;
				CLANG_WARN_UNGUARDED_AVAILABILITY = YES_AGGRESSIVE;
				CLANG_WARN_UNREACHABLE_CODE = YES;
				CLANG_WARN__DUPLICATE_METHOD_MATCH = YES;
				CODE_SIGN_IDENTITY = "Mac Developer";
				COPY_PHASE_STRIP = NO;
				DEBUG_INFORMATION_FORMAT = "dwarf-with-dsym";
				ENABLE_NS_ASSERTIONS = NO;
				ENABLE_STRICT_OBJC_MSGSEND = YES;
				GCC_C_LANGUAGE_STANDARD = gnu11;
				GCC_NO_COMMON_BLOCKS = YES;
				GCC_WARN_64_TO_32_BIT_CONVERSION = YES;
				GCC_WARN_ABOUT_RETURN_TYPE = YES_ERROR;
				GCC_WARN_UNDECLARED_SELECTOR = YES;
				GCC_WARN_UNINITIALIZED_AUTOS = YES_AGGRESSIVE;
				GCC_WARN_UNUSED_FUNCTION = YES;
				GCC_WARN_UNUSED_VARIABLE = YES;
				MACOSX_DEPLOYMENT_TARGET = 10.14;
				MTL_ENABLE_DEBUG_INFO = NO;
				MTL_FAST_MATH = YES;
				SDKROOT = macosx;
				SWIFT_COMPILATION_MODE = wholemodule;
				SWIFT_OPTIMIZATION_LEVEL = "-O";
			};
			name = Release;
		};
		F373473E2198C02800E4F6BB /* Debug */ = {
			isa = XCBuildConfiguration;
			buildSettings = {
				ASSETCATALOG_COMPILER_APPICON_NAME = AppIcon;
				CODE_SIGN_ENTITLEMENTS = Digital_Signature/Digital_Signature.entitlements;
				CODE_SIGN_STYLE = Automatic;
				COMBINE_HIDPI_IMAGES = YES;
				DEVELOPMENT_TEAM = 47K9CVZBFJ;
				INFOPLIST_FILE = Digital_Signature/Info.plist;
				LD_RUNPATH_SEARCH_PATHS = (
					"$(inherited)",
					"@executable_path/../Frameworks",
				);
				PRODUCT_BUNDLE_IDENTIFIER = "men.brakh.Digital-Signature";
				PRODUCT_NAME = "$(TARGET_NAME)";
				SWIFT_VERSION = 4.2;
			};
			name = Debug;
		};
		F373473F2198C02800E4F6BB /* Release */ = {
			isa = XCBuildConfiguration;
			buildSettings = {
				ASSETCATALOG_COMPILER_APPICON_NAME = AppIcon;
				CODE_SIGN_ENTITLEMENTS = Digital_Signature/Digital_Signature.entitlements;
				CODE_SIGN_STYLE = Automatic;
				COMBINE_HIDPI_IMAGES = YES;
				DEVELOPMENT_TEAM = 47K9CVZBFJ;
				INFOPLIST_FILE = Digital_Signature/Info.plist;
				LD_RUNPATH_SEARCH_PATHS = (
					"$(inherited)",
					"@executable_path/../Frameworks",
				);
				PRODUCT_BUNDLE_IDENTIFIER = "men.brakh.Digital-Signature";
				PRODUCT_NAME = "$(TARGET_NAME)";
				SWIFT_VERSION = 4.2;
			};
			name = Release;
		};
/* End XCBuildConfiguration section */

/* Begin XCConfigurationList section */
		F37347282198C02600E4F6BB /* Build configuration list for PBXProject "Digital_Signature" */ = {
			isa = XCConfigurationList;
			buildConfigurations = (
				F373473B2198C02800E4F6BB /* Debug */,
				F373473C2198C02800E4F6BB /* Release */,
			);
			defaultConfigurationIsVisible = 0;
			defaultConfigurationName = Release;
		};
		F373473D2198C02800E4F6BB /* Build configuration list for PBXNativeTarget "Digital_Signature" */ = {
			isa = XCConfigurationList;
			buildConfigurations = (
				F373473E2198C02800E4F6BB /* Debug */,
				F373473F2198C02800E4F6BB /* Release */,
			);
			defaultConfigurationIsVisible = 0;
			defaultConfigurationName = Release;
		};
/* End XCConfigurationList section */
	};
	rootObject = F37347252198C02600E4F6BB /* Project object */;
}
